
Microsoft Visual Studio Solution File, Format Version 12.00
# Visual Studio Version 17
VisualStudioVersion = 17.10.35027.167
MinimumVisualStudioVersion = 10.0.40219.1
Project("{2150E333-8FDC-42A3-9474-1A3956D46DE8}") = "src", "src", "{40ACF402-8B01-4FE4-B51F-066AB060B803}"
EndProject
Project("{2150E333-8FDC-42A3-9474-1A3956D46DE8}") = "HealthManager.Authenticate", "HealthManager.Authenticate", "{084E2E4B-B277-49D0-AEA6-ECCFBEACD62A}"
EndProject
Project("{9A19103F-16F7-4668-BE54-9A1E7A4F7556}") = "Authenticate.API", "src\Authenticate\Authenticate.API\Authenticate.API.csproj", "{67063597-1229-44F6-B6FE-9DECA27A3E83}"
EndProject
Project("{9A19103F-16F7-4668-BE54-9A1E7A4F7556}") = "Authenticate.Infra", "src\Authenticate\Authenticate.Infra\Authenticate.Infra.csproj", "{50CBC251-FF1B-458D-917F-4EB28F5EF1C1}"
EndProject
Project("{9A19103F-16F7-4668-BE54-9A1E7A4F7556}") = "Authenticate.Domain", "src\Authenticate\Authenticate.Domain\Authenticate.Domain.csproj", "{22634147-C328-4AFE-91A5-2664AB628C0E}"
EndProject
Global
	GlobalSection(SolutionConfigurationPlatforms) = preSolution
		Debug|Any CPU = Debug|Any CPU
		Release|Any CPU = Release|Any CPU
	EndGlobalSection
	GlobalSection(ProjectConfigurationPlatforms) = postSolution
		{67063597-1229-44F6-B6FE-9DECA27A3E83}.Debug|Any CPU.ActiveCfg = Debug|Any CPU
		{67063597-1229-44F6-B6FE-9DECA27A3E83}.Debug|Any CPU.Build.0 = Debug|Any CPU
		{67063597-1229-44F6-B6FE-9DECA27A3E83}.Release|Any CPU.ActiveCfg = Release|Any CPU
		{67063597-1229-44F6-B6FE-9DECA27A3E83}.Release|Any CPU.Build.0 = Release|Any CPU
		{50CBC251-FF1B-458D-917F-4EB28F5EF1C1}.Debug|Any CPU.ActiveCfg = Debug|Any CPU
		{50CBC251-FF1B-458D-917F-4EB28F5EF1C1}.Debug|Any CPU.Build.0 = Debug|Any CPU
		{50CBC251-FF1B-458D-917F-4EB28F5EF1C1}.Release|Any CPU.ActiveCfg = Release|Any CPU
		{50CBC251-FF1B-458D-917F-4EB28F5EF1C1}.Release|Any CPU.Build.0 = Release|Any CPU
		{22634147-C328-4AFE-91A5-2664AB628C0E}.Debug|Any CPU.ActiveCfg = Debug|Any CPU
		{22634147-C328-4AFE-91A5-2664AB628C0E}.Debug|Any CPU.Build.0 = Debug|Any CPU
		{22634147-C328-4AFE-91A5-2664AB628C0E}.Release|Any CPU.ActiveCfg = Release|Any CPU
		{22634147-C328-4AFE-91A5-2664AB628C0E}.Release|Any CPU.Build.0 = Release|Any CPU
	EndGlobalSection
	GlobalSection(SolutionProperties) = preSolution
		HideSolutionNode = FALSE
	EndGlobalSection
	GlobalSection(NestedProjects) = preSolution
		{084E2E4B-B277-49D0-AEA6-ECCFBEACD62A} = {40ACF402-8B01-4FE4-B51F-066AB060B803}
		{67063597-1229-44F6-B6FE-9DECA27A3E83} = {084E2E4B-B277-49D0-AEA6-ECCFBEACD62A}
		{50CBC251-FF1B-458D-917F-4EB28F5EF1C1} = {084E2E4B-B277-49D0-AEA6-ECCFBEACD62A}
		{22634147-C328-4AFE-91A5-2664AB628C0E} = {084E2E4B-B277-49D0-AEA6-ECCFBEACD62A}
	EndGlobalSection
	GlobalSection(ExtensibilityGlobals) = postSolution
		SolutionGuid = {5923B614-8AF0-4F90-AD9E-8589FAF61F5A}
	EndGlobalSection
EndGlobal
